
Microsoft Visual Studio Solution File, Format Version 12.00
# Visual Studio Version 17
VisualStudioVersion = 17.8.34408.163
MinimumVisualStudioVersion = 10.0.40219.1
Project("{8BC9CEB8-8B4A-11D0-8D11-00A0C91BC942}") = "midtermproject", "midtermproject.vcxproj", "{99E541E9-005D-4E3D-9FB5-3219CB8562DD}"
EndProject
Global
	GlobalSection(SolutionConfigurationPlatforms) = preSolution
		Debug|x64 = Debug|x64
		Debug|x86 = Debug|x86
		Release|x64 = Release|x64
		Release|x86 = Release|x86
	EndGlobalSection
	GlobalSection(ProjectConfigurationPlatforms) = postSolution
		{99E541E9-005D-4E3D-9FB5-3219CB8562DD}.Debug|x64.ActiveCfg = Debug|x64
		{99E541E9-005D-4E3D-9FB5-3219CB8562DD}.Debug|x64.Build.0 = Debug|x64
		{99E541E9-005D-4E3D-9FB5-3219CB8562DD}.Debug|x86.ActiveCfg = Debug|Win32
		{99E541E9-005D-4E3D-9FB5-3219CB8562DD}.Debug|x86.Build.0 = Debug|Win32
		{99E541E9-005D-4E3D-9FB5-3219CB8562DD}.Release|x64.ActiveCfg = Release|x64
		{99E541E9-005D-4E3D-9FB5-3219CB8562DD}.Release|x64.Build.0 = Release|x64
		{99E541E9-005D-4E3D-9FB5-3219CB8562DD}.Release|x86.ActiveCfg = Release|Win32
		{99E541E9-005D-4E3D-9FB5-3219CB8562DD}.Release|x86.Build.0 = Release|Win32
	EndGlobalSection
	GlobalSection(SolutionProperties) = preSolution
		HideSolutionNode = FALSE
	EndGlobalSection
	GlobalSection(ExtensibilityGlobals) = postSolution
		SolutionGuid = {F4D5136F-DCFE-4C49-84E0-E9E521124262}
	EndGlobalSection
EndGlobal
